
Microsoft Visual Studio Solution File, Format Version 12.00
# Visual Studio 15
Project("{FAE04EC0-301F-11D3-BF4B-00C04F79EFBC}") = "Unity.Timeline", "Unity.Timeline.csproj", "{56909D7C-D2CA-2EF1-300F-E6698BBF216C}"
EndProject
Project("{FAE04EC0-301F-11D3-BF4B-00C04F79EFBC}") = "Unity.VisualEffectGraph.Editor", "Unity.VisualEffectGraph.Editor.csproj", "{064DC203-40DA-7268-D044-6A072FA2055F}"
EndProject
Project("{FAE04EC0-301F-11D3-BF4B-00C04F79EFBC}") = "Unity.TerrainTools.Editor", "Unity.TerrainTools.Editor.csproj", "{3D8AA3DE-5081-7CDE-D58C-321B68A612F8}"
EndProject
Project("{FAE04EC0-301F-11D3-BF4B-00C04F79EFBC}") = "Unity.ShaderGraph.Editor", "Unity.ShaderGraph.Editor.csproj", "{20406908-F609-9891-4BD0-17EAFC61DB3C}"
EndProject
Project("{FAE04EC0-301F-11D3-BF4B-00C04F79EFBC}") = "Unity.RenderPipelines.HighDefinition.Runtime", "Unity.RenderPipelines.HighDefinition.Runtime.csproj", "{7906741E-0560-F40E-6E55-0ACA4BB77C32}"
EndProject
Project("{FAE04EC0-301F-11D3-BF4B-00C04F79EFBC}") = "Unity.VisualScripting.Flow", "Unity.VisualScripting.Flow.csproj", "{37CF27BA-D21C-1B4C-710D-C9E28033A2A0}"
EndProject
Project("{FAE04EC0-301F-11D3-BF4B-00C04F79EFBC}") = "Unity.RenderPipelines.Universal.Runtime", "Unity.RenderPipelines.Universal.Runtime.csproj", "{BB8FC807-55CE-CA40-45A1-BD6594DF76E2}"
EndProject
Project("{FAE04EC0-301F-11D3-BF4B-00C04F79EFBC}") = "UnityEditor.UI", "UnityEditor.UI.csproj", "{E48F42F9-1281-B808-09FD-C96561946C7D}"
EndProject
Project("{FAE04EC0-301F-11D3-BF4B-00C04F79EFBC}") = "Unity.Timeline.Editor", "Unity.Timeline.Editor.csproj", "{DD4F02E0-5BD9-6402-DA4F-97D90E1BEE53}"
EndProject
Project("{FAE04EC0-301F-11D3-BF4B-00C04F79EFBC}") = "Unity.PlasticSCM.Editor", "Unity.PlasticSCM.Editor.csproj", "{7287714A-B7F7-9CC5-32C4-061AADCFB349}"
EndProject
Project("{FAE04EC0-301F-11D3-BF4B-00C04F79EFBC}") = "Unity.RenderPipelines.Core.Runtime", "Unity.RenderPipelines.Core.Runtime.csproj", "{334101B5-3FBD-4A00-B3BB-FBDBB362368E}"
EndProject
Project("{FAE04EC0-301F-11D3-BF4B-00C04F79EFBC}") = "Unity.Mathematics", "Unity.Mathematics.csproj", "{B97FCE7D-B436-CFA4-159A-34017C628C15}"
EndProject
Project("{FAE04EC0-301F-11D3-BF4B-00C04F79EFBC}") = "Unity.RenderPipelines.Core.Editor", "Unity.RenderPipelines.Core.Editor.csproj", "{DF3E6689-9E93-709D-84B7-01E00614C727}"
EndProject
Project("{FAE04EC0-301F-11D3-BF4B-00C04F79EFBC}") = "Unity.VisualScripting.Core.Editor", "Unity.VisualScripting.Core.Editor.csproj", "{97D31EE2-49FD-0841-B0EA-2FAFBCC72D0F}"
EndProject
Project("{FAE04EC0-301F-11D3-BF4B-00C04F79EFBC}") = "Unity.RenderPipelines.HighDefinition.Editor", "Unity.RenderPipelines.HighDefinition.Editor.csproj", "{AE341185-1797-47BE-2A6E-631822CD3CE4}"
EndProject
Project("{FAE04EC0-301F-11D3-BF4B-00C04F79EFBC}") = "UnityEditor.TestRunner", "UnityEditor.TestRunner.csproj", "{17DD9866-23B0-9060-53EB-EE12E96140C1}"
EndProject
Project("{FAE04EC0-301F-11D3-BF4B-00C04F79EFBC}") = "Unity.RenderPipelines.Universal.Editor", "Unity.RenderPipelines.Universal.Editor.csproj", "{E6F037F9-CE7B-9A47-9571-03E63BB0D677}"
EndProject
Project("{FAE04EC0-301F-11D3-BF4B-00C04F79EFBC}") = "Unity.TextMeshPro.Editor", "Unity.TextMeshPro.Editor.csproj", "{3D919E4E-E34A-068E-3E5A-84A817EB2D65}"
EndProject
Project("{FAE04EC0-301F-11D3-BF4B-00C04F79EFBC}") = "Unity.VisualScripting.Flow.Editor", "Unity.VisualScripting.Flow.Editor.csproj", "{95A717DD-1123-F7DC-89F9-C198D281EC02}"
EndProject
Project("{FAE04EC0-301F-11D3-BF4B-00C04F79EFBC}") = "UnityEngine.TestRunner", "UnityEngine.TestRunner.csproj", "{A910D05C-C80A-2B74-6779-C30D40F92F19}"
EndProject
Project("{FAE04EC0-301F-11D3-BF4B-00C04F79EFBC}") = "Unity.VisualScripting.Core", "Unity.VisualScripting.Core.csproj", "{93F2B4DA-F5E6-C854-A48E-B17838BD0127}"
EndProject
Project("{FAE04EC0-301F-11D3-BF4B-00C04F79EFBC}") = "Unity.Searcher.Editor", "Unity.Searcher.Editor.csproj", "{A21E6A68-7359-EB8F-EAE0-1F9EBC6BC0F6}"
EndProject
Project("{FAE04EC0-301F-11D3-BF4B-00C04F79EFBC}") = "Unity.Burst", "Unity.Burst.csproj", "{1A1B83DA-1638-FEB8-05D0-B61E54268BB1}"
EndProject
Project("{FAE04EC0-301F-11D3-BF4B-00C04F79EFBC}") = "Unity.VisualStudio.Editor", "Unity.VisualStudio.Editor.csproj", "{36C8B1F3-8E17-DF55-3830-029006EF5B89}"
EndProject
Project("{FAE04EC0-301F-11D3-BF4B-00C04F79EFBC}") = "PPv2URPConverters", "PPv2URPConverters.csproj", "{3ACAD3E3-EE4F-F235-0035-09BF2D9A7C20}"
EndProject
Project("{FAE04EC0-301F-11D3-BF4B-00C04F79EFBC}") = "Unity.TestTools.CodeCoverage.Editor.OpenCover.Model", "Unity.TestTools.CodeCoverage.Editor.OpenCover.Model.csproj", "{92D59897-8D78-E506-51DD-A2DC384CE2A6}"
EndProject
Project("{FAE04EC0-301F-11D3-BF4B-00C04F79EFBC}") = "Unity.Rider.Editor", "Unity.Rider.Editor.csproj", "{D2C4A793-C96B-A1B3-C040-CEF5B9A71D32}"
EndProject
Project("{FAE04EC0-301F-11D3-BF4B-00C04F79EFBC}") = "Unity.VisualEffectGraph.Runtime", "Unity.VisualEffectGraph.Runtime.csproj", "{ECDCF190-7036-589D-3194-3131DAC4F0F6}"
EndProject
Project("{FAE04EC0-301F-11D3-BF4B-00C04F79EFBC}") = "Unity.VisualScripting.State.Editor", "Unity.VisualScripting.State.Editor.csproj", "{DBF3806B-259F-1927-4213-69AC8AEB5E3B}"
EndProject
Project("{FAE04EC0-301F-11D3-BF4B-00C04F79EFBC}") = "UnityEngine.UI", "UnityEngine.UI.csproj", "{415953E4-2C5D-A50D-230E-E3FDF2B5DCF9}"
EndProject
Project("{FAE04EC0-301F-11D3-BF4B-00C04F79EFBC}") = "Unity.TestTools.CodeCoverage.Editor", "Unity.TestTools.CodeCoverage.Editor.csproj", "{CD892015-EA1E-B028-36B3-4406CA6EB747}"
EndProject
Project("{FAE04EC0-301F-11D3-BF4B-00C04F79EFBC}") = "Unity.Burst.CodeGen", "Unity.Burst.CodeGen.csproj", "{4D509CA7-BF54-0F27-9DB2-23A7D123C0FE}"
EndProject
Project("{FAE04EC0-301F-11D3-BF4B-00C04F79EFBC}") = "Unity.RenderPipeline.Universal.ShaderLibrary", "Unity.RenderPipeline.Universal.ShaderLibrary.csproj", "{077C1854-706B-10CA-0525-7C86370173D0}"
EndProject
Project("{FAE04EC0-301F-11D3-BF4B-00C04F79EFBC}") = "Unity.VisualScripting.State", "Unity.VisualScripting.State.csproj", "{C4F1DB97-8333-7917-E691-19299C0BC306}"
EndProject
Project("{FAE04EC0-301F-11D3-BF4B-00C04F79EFBC}") = "Unity.TextMeshPro", "Unity.TextMeshPro.csproj", "{AF32C07F-3401-4720-29C7-99389276F6D9}"
EndProject
Project("{FAE04EC0-301F-11D3-BF4B-00C04F79EFBC}") = "Unity.Performance.Profile-Analyzer.Editor", "Unity.Performance.Profile-Analyzer.Editor.csproj", "{FD8D4589-4FC4-6BE4-2BEC-AACC6AF5AC16}"
EndProject
Project("{FAE04EC0-301F-11D3-BF4B-00C04F79EFBC}") = "Unity.VisualScripting.SettingsProvider.Editor", "Unity.VisualScripting.SettingsProvider.Editor.csproj", "{4A15DF04-7557-7D1B-5A11-4C1D3ACBD661}"
EndProject
Project("{FAE04EC0-301F-11D3-BF4B-00C04F79EFBC}") = "Unity.VSCode.Editor", "Unity.VSCode.Editor.csproj", "{64D14458-9502-8278-6619-64F99E9FF476}"
EndProject
Project("{FAE04EC0-301F-11D3-BF4B-00C04F79EFBC}") = "Unity.Burst.Editor", "Unity.Burst.Editor.csproj", "{B5C5E2C3-D1AB-D714-09AE-C18D24E264BA}"
EndProject
Project("{FAE04EC0-301F-11D3-BF4B-00C04F79EFBC}") = "Unity.TestTools.CodeCoverage.Editor.OpenCover.Mono.Reflection", "Unity.TestTools.CodeCoverage.Editor.OpenCover.Mono.Reflection.csproj", "{DCBF845A-552D-93A3-20C2-4C8DE0088AD2}"
EndProject
Project("{FAE04EC0-301F-11D3-BF4B-00C04F79EFBC}") = "Unity.Settings.Editor", "Unity.Settings.Editor.csproj", "{F7F03F88-8B7F-23E3-7EB5-EF83DF4D12B7}"
EndProject
Project("{FAE04EC0-301F-11D3-BF4B-00C04F79EFBC}") = "Unity.Mathematics.Editor", "Unity.Mathematics.Editor.csproj", "{F2111512-37B0-8450-50B1-B7FC9FDFE7AD}"
EndProject
Project("{FAE04EC0-301F-11D3-BF4B-00C04F79EFBC}") = "Unity.ShaderGraph.Utilities", "Unity.ShaderGraph.Utilities.csproj", "{51C5FB33-F983-D955-E605-49972BB2ECFD}"
EndProject
Project("{FAE04EC0-301F-11D3-BF4B-00C04F79EFBC}") = "Unity.VisualScripting.Shared.Editor", "Unity.VisualScripting.Shared.Editor.csproj", "{D608B17B-5045-56E8-23EC-1A80576863ED}"
EndProject
Project("{FAE04EC0-301F-11D3-BF4B-00C04F79EFBC}") = "Unity.EditorCoroutines.Editor", "Unity.EditorCoroutines.Editor.csproj", "{82B03BB4-9E2D-26BD-E556-374374AE8FF4}"
EndProject
Project("{FAE04EC0-301F-11D3-BF4B-00C04F79EFBC}") = "Unity.TerrainTools", "Unity.TerrainTools.csproj", "{C9171204-E70A-3C1F-C503-1A046992D116}"
EndProject
Project("{FAE04EC0-301F-11D3-BF4B-00C04F79EFBC}") = "Unity.RenderPipelines.HighDefinition.Config.Runtime", "Unity.RenderPipelines.HighDefinition.Config.Runtime.csproj", "{6094AFE2-9EA9-7D4D-B657-82F37CE632A1}"
EndProject
Project("{FAE04EC0-301F-11D3-BF4B-00C04F79EFBC}") = "Unity.RenderPipelines.Universal.Config.Runtime", "Unity.RenderPipelines.Universal.Config.Runtime.csproj", "{88F313C5-26BE-3090-8DF1-700DD071F4FD}"
EndProject
Project("{FAE04EC0-301F-11D3-BF4B-00C04F79EFBC}") = "Unity.CollabProxy.Editor", "Unity.CollabProxy.Editor.csproj", "{9EFD6684-2774-6599-E2FE-BA026D28D655}"
EndProject
Project("{FAE04EC0-301F-11D3-BF4B-00C04F79EFBC}") = "Unity.RenderPipelines.ShaderGraph.ShaderGraphLibrary", "Unity.RenderPipelines.ShaderGraph.ShaderGraphLibrary.csproj", "{448258B7-29FB-0A4A-C38E-6184F2CD4054}"
EndProject
Project("{FAE04EC0-301F-11D3-BF4B-00C04F79EFBC}") = "Unity.RenderPipelines.Core.ShaderLibrary", "Unity.RenderPipelines.Core.ShaderLibrary.csproj", "{825D05B1-4E96-9112-BA93-7579A1588973}"
EndProject
Project("{FAE04EC0-301F-11D3-BF4B-00C04F79EFBC}") = "Unity.RenderPipelines.Universal.Shaders", "Unity.RenderPipelines.Universal.Shaders.csproj", "{1914E35A-B405-EBD0-589C-B40A44D1AE9C}"
EndProject
Project("{FAE04EC0-301F-11D3-BF4B-00C04F79EFBC}") = "Unity.Timeline", "Unity.Timeline.Player.csproj", "{F063A312-69C0-D753-2BA2-1EEB4B4826C6}"
EndProject
Project("{FAE04EC0-301F-11D3-BF4B-00C04F79EFBC}") = "Unity.RenderPipelines.HighDefinition.Runtime", "Unity.RenderPipelines.HighDefinition.Runtime.Player.csproj", "{E1EF2045-19F5-4D1D-A571-92ABCF6E2F84}"
EndProject
Project("{FAE04EC0-301F-11D3-BF4B-00C04F79EFBC}") = "Unity.VisualScripting.Flow", "Unity.VisualScripting.Flow.Player.csproj", "{40047E39-E86C-B821-97DF-641A19311C3F}"
EndProject
Project("{FAE04EC0-301F-11D3-BF4B-00C04F79EFBC}") = "Unity.RenderPipelines.Universal.Runtime", "Unity.RenderPipelines.Universal.Runtime.Player.csproj", "{82C6A96D-23AC-314F-3CAF-0571294E869E}"
EndProject
Project("{FAE04EC0-301F-11D3-BF4B-00C04F79EFBC}") = "Unity.RenderPipelines.Core.Runtime", "Unity.RenderPipelines.Core.Runtime.Player.csproj", "{03A2E7FA-73CB-569B-27B5-FA3C114C0D3F}"
EndProject
Project("{FAE04EC0-301F-11D3-BF4B-00C04F79EFBC}") = "Unity.Mathematics", "Unity.Mathematics.Player.csproj", "{BAA84BF6-8D06-99AC-36FF-1F39EB9F2B30}"
EndProject
Project("{FAE04EC0-301F-11D3-BF4B-00C04F79EFBC}") = "UnityEngine.TestRunner", "UnityEngine.TestRunner.Player.csproj", "{DBB8F3AA-F5EF-E808-4DF2-10AFD7DF60CE}"
EndProject
Project("{FAE04EC0-301F-11D3-BF4B-00C04F79EFBC}") = "Unity.VisualScripting.Core", "Unity.VisualScripting.Core.Player.csproj", "{2E3FD523-F65C-4D9A-5566-14221911BBEF}"
EndProject
Project("{FAE04EC0-301F-11D3-BF4B-00C04F79EFBC}") = "Unity.Burst", "Unity.Burst.Player.csproj", "{1960EF17-80D5-A1FA-6EE1-CA254D5B3BE0}"
EndProject
Project("{FAE04EC0-301F-11D3-BF4B-00C04F79EFBC}") = "Unity.VisualEffectGraph.Runtime", "Unity.VisualEffectGraph.Runtime.Player.csproj", "{81903A93-0A8B-C4D5-9516-D1433A72E347}"
EndProject
Project("{FAE04EC0-301F-11D3-BF4B-00C04F79EFBC}") = "UnityEngine.UI", "UnityEngine.UI.Player.csproj", "{E6DD896E-BD98-625D-98E6-EBE191FC7844}"
EndProject
Project("{FAE04EC0-301F-11D3-BF4B-00C04F79EFBC}") = "Unity.RenderPipeline.Universal.ShaderLibrary", "Unity.RenderPipeline.Universal.ShaderLibrary.Player.csproj", "{B5832ED8-C87A-C4E5-B775-1CB3CB33A07D}"
EndProject
Project("{FAE04EC0-301F-11D3-BF4B-00C04F79EFBC}") = "Unity.VisualScripting.State", "Unity.VisualScripting.State.Player.csproj", "{2A4A22E8-5F42-EA95-3360-319A71B01BBF}"
EndProject
Project("{FAE04EC0-301F-11D3-BF4B-00C04F79EFBC}") = "Unity.TextMeshPro", "Unity.TextMeshPro.Player.csproj", "{A73B4F7F-9674-72B2-991D-612A76FBAEFF}"
EndProject
Project("{FAE04EC0-301F-11D3-BF4B-00C04F79EFBC}") = "Unity.TerrainTools", "Unity.TerrainTools.Player.csproj", "{02E69BEC-29C7-9D79-F507-4A263E5D80A4}"
EndProject
Project("{FAE04EC0-301F-11D3-BF4B-00C04F79EFBC}") = "Unity.RenderPipelines.HighDefinition.Config.Runtime", "Unity.RenderPipelines.HighDefinition.Config.Runtime.Player.csproj", "{FE14AF20-94E0-327E-AF58-13B48579DE1C}"
EndProject
Project("{FAE04EC0-301F-11D3-BF4B-00C04F79EFBC}") = "Unity.RenderPipelines.Universal.Config.Runtime", "Unity.RenderPipelines.Universal.Config.Runtime.Player.csproj", "{7AB1E179-DA36-4FE7-F2F6-11133B8F7A5D}"
EndProject
Project("{FAE04EC0-301F-11D3-BF4B-00C04F79EFBC}") = "Unity.RenderPipelines.ShaderGraph.ShaderGraphLibrary", "Unity.RenderPipelines.ShaderGraph.ShaderGraphLibrary.Player.csproj", "{EFD88E98-8868-33FA-B722-D6DD2A5C0434}"
EndProject
Project("{FAE04EC0-301F-11D3-BF4B-00C04F79EFBC}") = "Unity.RenderPipelines.Core.ShaderLibrary", "Unity.RenderPipelines.Core.ShaderLibrary.Player.csproj", "{A5A1E081-122A-E026-4B49-B2F437F16209}"
EndProject
Project("{FAE04EC0-301F-11D3-BF4B-00C04F79EFBC}") = "Unity.RenderPipelines.Universal.Shaders", "Unity.RenderPipelines.Universal.Shaders.Player.csproj", "{44A3EB31-2AFF-D139-CC84-07601F23EE65}"
EndProject
Global
	GlobalSection(SolutionConfigurationPlatforms) = preSolution
		Debug|Any CPU = Debug|Any CPU
		Release|Any CPU = Release|Any CPU
	EndGlobalSection
	GlobalSection(ProjectConfigurationPlatforms) = postSolution
		{56909D7C-D2CA-2EF1-300F-E6698BBF216C}.Debug|Any CPU.ActiveCfg = Debug|Any CPU
		{56909D7C-D2CA-2EF1-300F-E6698BBF216C}.Debug|Any CPU.Build.0 = Debug|Any CPU
		{56909D7C-D2CA-2EF1-300F-E6698BBF216C}.Release|Any CPU.ActiveCfg = Release|Any CPU
		{56909D7C-D2CA-2EF1-300F-E6698BBF216C}.Release|Any CPU.Build.0 = Release|Any CPU
		{064DC203-40DA-7268-D044-6A072FA2055F}.Debug|Any CPU.ActiveCfg = Debug|Any CPU
		{064DC203-40DA-7268-D044-6A072FA2055F}.Debug|Any CPU.Build.0 = Debug|Any CPU
		{064DC203-40DA-7268-D044-6A072FA2055F}.Release|Any CPU.ActiveCfg = Release|Any CPU
		{064DC203-40DA-7268-D044-6A072FA2055F}.Release|Any CPU.Build.0 = Release|Any CPU
		{3D8AA3DE-5081-7CDE-D58C-321B68A612F8}.Debug|Any CPU.ActiveCfg = Debug|Any CPU
		{3D8AA3DE-5081-7CDE-D58C-321B68A612F8}.Debug|Any CPU.Build.0 = Debug|Any CPU
		{3D8AA3DE-5081-7CDE-D58C-321B68A612F8}.Release|Any CPU.ActiveCfg = Release|Any CPU
		{3D8AA3DE-5081-7CDE-D58C-321B68A612F8}.Release|Any CPU.Build.0 = Release|Any CPU
		{20406908-F609-9891-4BD0-17EAFC61DB3C}.Debug|Any CPU.ActiveCfg = Debug|Any CPU
		{20406908-F609-9891-4BD0-17EAFC61DB3C}.Debug|Any CPU.Build.0 = Debug|Any CPU
		{20406908-F609-9891-4BD0-17EAFC61DB3C}.Release|Any CPU.ActiveCfg = Release|Any CPU
		{20406908-F609-9891-4BD0-17EAFC61DB3C}.Release|Any CPU.Build.0 = Release|Any CPU
		{7906741E-0560-F40E-6E55-0ACA4BB77C32}.Debug|Any CPU.ActiveCfg = Debug|Any CPU
		{7906741E-0560-F40E-6E55-0ACA4BB77C32}.Debug|Any CPU.Build.0 = Debug|Any CPU
		{7906741E-0560-F40E-6E55-0ACA4BB77C32}.Release|Any CPU.ActiveCfg = Release|Any CPU
		{7906741E-0560-F40E-6E55-0ACA4BB77C32}.Release|Any CPU.Build.0 = Release|Any CPU
		{37CF27BA-D21C-1B4C-710D-C9E28033A2A0}.Debug|Any CPU.ActiveCfg = Debug|Any CPU
		{37CF27BA-D21C-1B4C-710D-C9E28033A2A0}.Debug|Any CPU.Build.0 = Debug|Any CPU
		{37CF27BA-D21C-1B4C-710D-C9E28033A2A0}.Release|Any CPU.ActiveCfg = Release|Any CPU
		{37CF27BA-D21C-1B4C-710D-C9E28033A2A0}.Release|Any CPU.Build.0 = Release|Any CPU
		{BB8FC807-55CE-CA40-45A1-BD6594DF76E2}.Debug|Any CPU.ActiveCfg = Debug|Any CPU
		{BB8FC807-55CE-CA40-45A1-BD6594DF76E2}.Debug|Any CPU.Build.0 = Debug|Any CPU
		{BB8FC807-55CE-CA40-45A1-BD6594DF76E2}.Release|Any CPU.ActiveCfg = Release|Any CPU
		{BB8FC807-55CE-CA40-45A1-BD6594DF76E2}.Release|Any CPU.Build.0 = Release|Any CPU
		{E48F42F9-1281-B808-09FD-C96561946C7D}.Debug|Any CPU.ActiveCfg = Debug|Any CPU
		{E48F42F9-1281-B808-09FD-C96561946C7D}.Debug|Any CPU.Build.0 = Debug|Any CPU
		{E48F42F9-1281-B808-09FD-C96561946C7D}.Release|Any CPU.ActiveCfg = Release|Any CPU
		{E48F42F9-1281-B808-09FD-C96561946C7D}.Release|Any CPU.Build.0 = Release|Any CPU
		{DD4F02E0-5BD9-6402-DA4F-97D90E1BEE53}.Debug|Any CPU.ActiveCfg = Debug|Any CPU
		{DD4F02E0-5BD9-6402-DA4F-97D90E1BEE53}.Debug|Any CPU.Build.0 = Debug|Any CPU
		{DD4F02E0-5BD9-6402-DA4F-97D90E1BEE53}.Release|Any CPU.ActiveCfg = Release|Any CPU
		{DD4F02E0-5BD9-6402-DA4F-97D90E1BEE53}.Release|Any CPU.Build.0 = Release|Any CPU
		{7287714A-B7F7-9CC5-32C4-061AADCFB349}.Debug|Any CPU.ActiveCfg = Debug|Any CPU
		{7287714A-B7F7-9CC5-32C4-061AADCFB349}.Debug|Any CPU.Build.0 = Debug|Any CPU
		{7287714A-B7F7-9CC5-32C4-061AADCFB349}.Release|Any CPU.ActiveCfg = Release|Any CPU
		{7287714A-B7F7-9CC5-32C4-061AADCFB349}.Release|Any CPU.Build.0 = Release|Any CPU
		{334101B5-3FBD-4A00-B3BB-FBDBB362368E}.Debug|Any CPU.ActiveCfg = Debug|Any CPU
		{334101B5-3FBD-4A00-B3BB-FBDBB362368E}.Debug|Any CPU.Build.0 = Debug|Any CPU
		{334101B5-3FBD-4A00-B3BB-FBDBB362368E}.Release|Any CPU.ActiveCfg = Release|Any CPU
		{334101B5-3FBD-4A00-B3BB-FBDBB362368E}.Release|Any CPU.Build.0 = Release|Any CPU
		{B97FCE7D-B436-CFA4-159A-34017C628C15}.Debug|Any CPU.ActiveCfg = Debug|Any CPU
		{B97FCE7D-B436-CFA4-159A-34017C628C15}.Debug|Any CPU.Build.0 = Debug|Any CPU
		{B97FCE7D-B436-CFA4-159A-34017C628C15}.Release|Any CPU.ActiveCfg = Release|Any CPU
		{B97FCE7D-B436-CFA4-159A-34017C628C15}.Release|Any CPU.Build.0 = Release|Any CPU
		{DF3E6689-9E93-709D-84B7-01E00614C727}.Debug|Any CPU.ActiveCfg = Debug|Any CPU
		{DF3E6689-9E93-709D-84B7-01E00614C727}.Debug|Any CPU.Build.0 = Debug|Any CPU
		{DF3E6689-9E93-709D-84B7-01E00614C727}.Release|Any CPU.ActiveCfg = Release|Any CPU
		{DF3E6689-9E93-709D-84B7-01E00614C727}.Release|Any CPU.Build.0 = Release|Any CPU
		{97D31EE2-49FD-0841-B0EA-2FAFBCC72D0F}.Debug|Any CPU.ActiveCfg = Debug|Any CPU
		{97D31EE2-49FD-0841-B0EA-2FAFBCC72D0F}.Debug|Any CPU.Build.0 = Debug|Any CPU
		{97D31EE2-49FD-0841-B0EA-2FAFBCC72D0F}.Release|Any CPU.ActiveCfg = Release|Any CPU
		{97D31EE2-49FD-0841-B0EA-2FAFBCC72D0F}.Release|Any CPU.Build.0 = Release|Any CPU
		{AE341185-1797-47BE-2A6E-631822CD3CE4}.Debug|Any CPU.ActiveCfg = Debug|Any CPU
		{AE341185-1797-47BE-2A6E-631822CD3CE4}.Debug|Any CPU.Build.0 = Debug|Any CPU
		{AE341185-1797-47BE-2A6E-631822CD3CE4}.Release|Any CPU.ActiveCfg = Release|Any CPU
		{AE341185-1797-47BE-2A6E-631822CD3CE4}.Release|Any CPU.Build.0 = Release|Any CPU
		{17DD9866-23B0-9060-53EB-EE12E96140C1}.Debug|Any CPU.ActiveCfg = Debug|Any CPU
		{17DD9866-23B0-9060-53EB-EE12E96140C1}.Debug|Any CPU.Build.0 = Debug|Any CPU
		{17DD9866-23B0-9060-53EB-EE12E96140C1}.Release|Any CPU.ActiveCfg = Release|Any CPU
		{17DD9866-23B0-9060-53EB-EE12E96140C1}.Release|Any CPU.Build.0 = Release|Any CPU
		{E6F037F9-CE7B-9A47-9571-03E63BB0D677}.Debug|Any CPU.ActiveCfg = Debug|Any CPU
		{E6F037F9-CE7B-9A47-9571-03E63BB0D677}.Debug|Any CPU.Build.0 = Debug|Any CPU
		{E6F037F9-CE7B-9A47-9571-03E63BB0D677}.Release|Any CPU.ActiveCfg = Release|Any CPU
		{E6F037F9-CE7B-9A47-9571-03E63BB0D677}.Release|Any CPU.Build.0 = Release|Any CPU
		{3D919E4E-E34A-068E-3E5A-84A817EB2D65}.Debug|Any CPU.ActiveCfg = Debug|Any CPU
		{3D919E4E-E34A-068E-3E5A-84A817EB2D65}.Debug|Any CPU.Build.0 = Debug|Any CPU
		{3D919E4E-E34A-068E-3E5A-84A817EB2D65}.Release|Any CPU.ActiveCfg = Release|Any CPU
		{3D919E4E-E34A-068E-3E5A-84A817EB2D65}.Release|Any CPU.Build.0 = Release|Any CPU
		{95A717DD-1123-F7DC-89F9-C198D281EC02}.Debug|Any CPU.ActiveCfg = Debug|Any CPU
		{95A717DD-1123-F7DC-89F9-C198D281EC02}.Debug|Any CPU.Build.0 = Debug|Any CPU
		{95A717DD-1123-F7DC-89F9-C198D281EC02}.Release|Any CPU.ActiveCfg = Release|Any CPU
		{95A717DD-1123-F7DC-89F9-C198D281EC02}.Release|Any CPU.Build.0 = Release|Any CPU
		{A910D05C-C80A-2B74-6779-C30D40F92F19}.Debug|Any CPU.ActiveCfg = Debug|Any CPU
		{A910D05C-C80A-2B74-6779-C30D40F92F19}.Debug|Any CPU.Build.0 = Debug|Any CPU
		{A910D05C-C80A-2B74-6779-C30D40F92F19}.Release|Any CPU.ActiveCfg = Release|Any CPU
		{A910D05C-C80A-2B74-6779-C30D40F92F19}.Release|Any CPU.Build.0 = Release|Any CPU
		{93F2B4DA-F5E6-C854-A48E-B17838BD0127}.Debug|Any CPU.ActiveCfg = Debug|Any CPU
		{93F2B4DA-F5E6-C854-A48E-B17838BD0127}.Debug|Any CPU.Build.0 = Debug|Any CPU
		{93F2B4DA-F5E6-C854-A48E-B17838BD0127}.Release|Any CPU.ActiveCfg = Release|Any CPU
		{93F2B4DA-F5E6-C854-A48E-B17838BD0127}.Release|Any CPU.Build.0 = Release|Any CPU
		{A21E6A68-7359-EB8F-EAE0-1F9EBC6BC0F6}.Debug|Any CPU.ActiveCfg = Debug|Any CPU
		{A21E6A68-7359-EB8F-EAE0-1F9EBC6BC0F6}.Debug|Any CPU.Build.0 = Debug|Any CPU
		{A21E6A68-7359-EB8F-EAE0-1F9EBC6BC0F6}.Release|Any CPU.ActiveCfg = Release|Any CPU
		{A21E6A68-7359-EB8F-EAE0-1F9EBC6BC0F6}.Release|Any CPU.Build.0 = Release|Any CPU
		{1A1B83DA-1638-FEB8-05D0-B61E54268BB1}.Debug|Any CPU.ActiveCfg = Debug|Any CPU
		{1A1B83DA-1638-FEB8-05D0-B61E54268BB1}.Debug|Any CPU.Build.0 = Debug|Any CPU
		{1A1B83DA-1638-FEB8-05D0-B61E54268BB1}.Release|Any CPU.ActiveCfg = Release|Any CPU
		{1A1B83DA-1638-FEB8-05D0-B61E54268BB1}.Release|Any CPU.Build.0 = Release|Any CPU
		{36C8B1F3-8E17-DF55-3830-029006EF5B89}.Debug|Any CPU.ActiveCfg = Debug|Any CPU
		{36C8B1F3-8E17-DF55-3830-029006EF5B89}.Debug|Any CPU.Build.0 = Debug|Any CPU
		{36C8B1F3-8E17-DF55-3830-029006EF5B89}.Release|Any CPU.ActiveCfg = Release|Any CPU
		{36C8B1F3-8E17-DF55-3830-029006EF5B89}.Release|Any CPU.Build.0 = Release|Any CPU
		{3ACAD3E3-EE4F-F235-0035-09BF2D9A7C20}.Debug|Any CPU.ActiveCfg = Debug|Any CPU
		{3ACAD3E3-EE4F-F235-0035-09BF2D9A7C20}.Debug|Any CPU.Build.0 = Debug|Any CPU
		{3ACAD3E3-EE4F-F235-0035-09BF2D9A7C20}.Release|Any CPU.ActiveCfg = Release|Any CPU
		{3ACAD3E3-EE4F-F235-0035-09BF2D9A7C20}.Release|Any CPU.Build.0 = Release|Any CPU
		{92D59897-8D78-E506-51DD-A2DC384CE2A6}.Debug|Any CPU.ActiveCfg = Debug|Any CPU
		{92D59897-8D78-E506-51DD-A2DC384CE2A6}.Debug|Any CPU.Build.0 = Debug|Any CPU
		{92D59897-8D78-E506-51DD-A2DC384CE2A6}.Release|Any CPU.ActiveCfg = Release|Any CPU
		{92D59897-8D78-E506-51DD-A2DC384CE2A6}.Release|Any CPU.Build.0 = Release|Any CPU
		{D2C4A793-C96B-A1B3-C040-CEF5B9A71D32}.Debug|Any CPU.ActiveCfg = Debug|Any CPU
		{D2C4A793-C96B-A1B3-C040-CEF5B9A71D32}.Debug|Any CPU.Build.0 = Debug|Any CPU
		{D2C4A793-C96B-A1B3-C040-CEF5B9A71D32}.Release|Any CPU.ActiveCfg = Release|Any CPU
		{D2C4A793-C96B-A1B3-C040-CEF5B9A71D32}.Release|Any CPU.Build.0 = Release|Any CPU
		{ECDCF190-7036-589D-3194-3131DAC4F0F6}.Debug|Any CPU.ActiveCfg = Debug|Any CPU
		{ECDCF190-7036-589D-3194-3131DAC4F0F6}.Debug|Any CPU.Build.0 = Debug|Any CPU
		{ECDCF190-7036-589D-3194-3131DAC4F0F6}.Release|Any CPU.ActiveCfg = Release|Any CPU
		{ECDCF190-7036-589D-3194-3131DAC4F0F6}.Release|Any CPU.Build.0 = Release|Any CPU
		{DBF3806B-259F-1927-4213-69AC8AEB5E3B}.Debug|Any CPU.ActiveCfg = Debug|Any CPU
		{DBF3806B-259F-1927-4213-69AC8AEB5E3B}.Debug|Any CPU.Build.0 = Debug|Any CPU
		{DBF3806B-259F-1927-4213-69AC8AEB5E3B}.Release|Any CPU.ActiveCfg = Release|Any CPU
		{DBF3806B-259F-1927-4213-69AC8AEB5E3B}.Release|Any CPU.Build.0 = Release|Any CPU
		{415953E4-2C5D-A50D-230E-E3FDF2B5DCF9}.Debug|Any CPU.ActiveCfg = Debug|Any CPU
		{415953E4-2C5D-A50D-230E-E3FDF2B5DCF9}.Debug|Any CPU.Build.0 = Debug|Any CPU
		{415953E4-2C5D-A50D-230E-E3FDF2B5DCF9}.Release|Any CPU.ActiveCfg = Release|Any CPU
		{415953E4-2C5D-A50D-230E-E3FDF2B5DCF9}.Release|Any CPU.Build.0 = Release|Any CPU
		{CD892015-EA1E-B028-36B3-4406CA6EB747}.Debug|Any CPU.ActiveCfg = Debug|Any CPU
		{CD892015-EA1E-B028-36B3-4406CA6EB747}.Debug|Any CPU.Build.0 = Debug|Any CPU
		{CD892015-EA1E-B028-36B3-4406CA6EB747}.Release|Any CPU.ActiveCfg = Release|Any CPU
		{CD892015-EA1E-B028-36B3-4406CA6EB747}.Release|Any CPU.Build.0 = Release|Any CPU
		{4D509CA7-BF54-0F27-9DB2-23A7D123C0FE}.Debug|Any CPU.ActiveCfg = Debug|Any CPU
		{4D509CA7-BF54-0F27-9DB2-23A7D123C0FE}.Debug|Any CPU.Build.0 = Debug|Any CPU
		{4D509CA7-BF54-0F27-9DB2-23A7D123C0FE}.Release|Any CPU.ActiveCfg = Release|Any CPU
		{4D509CA7-BF54-0F27-9DB2-23A7D123C0FE}.Release|Any CPU.Build.0 = Release|Any CPU
		{077C1854-706B-10CA-0525-7C86370173D0}.Debug|Any CPU.ActiveCfg = Debug|Any CPU
		{077C1854-706B-10CA-0525-7C86370173D0}.Debug|Any CPU.Build.0 = Debug|Any CPU
		{077C1854-706B-10CA-0525-7C86370173D0}.Release|Any CPU.ActiveCfg = Release|Any CPU
		{077C1854-706B-10CA-0525-7C86370173D0}.Release|Any CPU.Build.0 = Release|Any CPU
		{C4F1DB97-8333-7917-E691-19299C0BC306}.Debug|Any CPU.ActiveCfg = Debug|Any CPU
		{C4F1DB97-8333-7917-E691-19299C0BC306}.Debug|Any CPU.Build.0 = Debug|Any CPU
		{C4F1DB97-8333-7917-E691-19299C0BC306}.Release|Any CPU.ActiveCfg = Release|Any CPU
		{C4F1DB97-8333-7917-E691-19299C0BC306}.Release|Any CPU.Build.0 = Release|Any CPU
		{AF32C07F-3401-4720-29C7-99389276F6D9}.Debug|Any CPU.ActiveCfg = Debug|Any CPU
		{AF32C07F-3401-4720-29C7-99389276F6D9}.Debug|Any CPU.Build.0 = Debug|Any CPU
		{AF32C07F-3401-4720-29C7-99389276F6D9}.Release|Any CPU.ActiveCfg = Release|Any CPU
		{AF32C07F-3401-4720-29C7-99389276F6D9}.Release|Any CPU.Build.0 = Release|Any CPU
		{FD8D4589-4FC4-6BE4-2BEC-AACC6AF5AC16}.Debug|Any CPU.ActiveCfg = Debug|Any CPU
		{FD8D4589-4FC4-6BE4-2BEC-AACC6AF5AC16}.Debug|Any CPU.Build.0 = Debug|Any CPU
		{FD8D4589-4FC4-6BE4-2BEC-AACC6AF5AC16}.Release|Any CPU.ActiveCfg = Release|Any CPU
		{FD8D4589-4FC4-6BE4-2BEC-AACC6AF5AC16}.Release|Any CPU.Build.0 = Release|Any CPU
		{4A15DF04-7557-7D1B-5A11-4C1D3ACBD661}.Debug|Any CPU.ActiveCfg = Debug|Any CPU
		{4A15DF04-7557-7D1B-5A11-4C1D3ACBD661}.Debug|Any CPU.Build.0 = Debug|Any CPU
		{4A15DF04-7557-7D1B-5A11-4C1D3ACBD661}.Release|Any CPU.ActiveCfg = Release|Any CPU
		{4A15DF04-7557-7D1B-5A11-4C1D3ACBD661}.Release|Any CPU.Build.0 = Release|Any CPU
		{64D14458-9502-8278-6619-64F99E9FF476}.Debug|Any CPU.ActiveCfg = Debug|Any CPU
		{64D14458-9502-8278-6619-64F99E9FF476}.Debug|Any CPU.Build.0 = Debug|Any CPU
		{64D14458-9502-8278-6619-64F99E9FF476}.Release|Any CPU.ActiveCfg = Release|Any CPU
		{64D14458-9502-8278-6619-64F99E9FF476}.Release|Any CPU.Build.0 = Release|Any CPU
		{B5C5E2C3-D1AB-D714-09AE-C18D24E264BA}.Debug|Any CPU.ActiveCfg = Debug|Any CPU
		{B5C5E2C3-D1AB-D714-09AE-C18D24E264BA}.Debug|Any CPU.Build.0 = Debug|Any CPU
		{B5C5E2C3-D1AB-D714-09AE-C18D24E264BA}.Release|Any CPU.ActiveCfg = Release|Any CPU
		{B5C5E2C3-D1AB-D714-09AE-C18D24E264BA}.Release|Any CPU.Build.0 = Release|Any CPU
		{DCBF845A-552D-93A3-20C2-4C8DE0088AD2}.Debug|Any CPU.ActiveCfg = Debug|Any CPU
		{DCBF845A-552D-93A3-20C2-4C8DE0088AD2}.Debug|Any CPU.Build.0 = Debug|Any CPU
		{DCBF845A-552D-93A3-20C2-4C8DE0088AD2}.Release|Any CPU.ActiveCfg = Release|Any CPU
		{DCBF845A-552D-93A3-20C2-4C8DE0088AD2}.Release|Any CPU.Build.0 = Release|Any CPU
		{F7F03F88-8B7F-23E3-7EB5-EF83DF4D12B7}.Debug|Any CPU.ActiveCfg = Debug|Any CPU
		{F7F03F88-8B7F-23E3-7EB5-EF83DF4D12B7}.Debug|Any CPU.Build.0 = Debug|Any CPU
		{F7F03F88-8B7F-23E3-7EB5-EF83DF4D12B7}.Release|Any CPU.ActiveCfg = Release|Any CPU
		{F7F03F88-8B7F-23E3-7EB5-EF83DF4D12B7}.Release|Any CPU.Build.0 = Release|Any CPU
		{F2111512-37B0-8450-50B1-B7FC9FDFE7AD}.Debug|Any CPU.ActiveCfg = Debug|Any CPU
		{F2111512-37B0-8450-50B1-B7FC9FDFE7AD}.Debug|Any CPU.Build.0 = Debug|Any CPU
		{F2111512-37B0-8450-50B1-B7FC9FDFE7AD}.Release|Any CPU.ActiveCfg = Release|Any CPU
		{F2111512-37B0-8450-50B1-B7FC9FDFE7AD}.Release|Any CPU.Build.0 = Release|Any CPU
		{51C5FB33-F983-D955-E605-49972BB2ECFD}.Debug|Any CPU.ActiveCfg = Debug|Any CPU
		{51C5FB33-F983-D955-E605-49972BB2ECFD}.Debug|Any CPU.Build.0 = Debug|Any CPU
		{51C5FB33-F983-D955-E605-49972BB2ECFD}.Release|Any CPU.ActiveCfg = Release|Any CPU
		{51C5FB33-F983-D955-E605-49972BB2ECFD}.Release|Any CPU.Build.0 = Release|Any CPU
		{D608B17B-5045-56E8-23EC-1A80576863ED}.Debug|Any CPU.ActiveCfg = Debug|Any CPU
		{D608B17B-5045-56E8-23EC-1A80576863ED}.Debug|Any CPU.Build.0 = Debug|Any CPU
		{D608B17B-5045-56E8-23EC-1A80576863ED}.Release|Any CPU.ActiveCfg = Release|Any CPU
		{D608B17B-5045-56E8-23EC-1A80576863ED}.Release|Any CPU.Build.0 = Release|Any CPU
		{82B03BB4-9E2D-26BD-E556-374374AE8FF4}.Debug|Any CPU.ActiveCfg = Debug|Any CPU
		{82B03BB4-9E2D-26BD-E556-374374AE8FF4}.Debug|Any CPU.Build.0 = Debug|Any CPU
		{82B03BB4-9E2D-26BD-E556-374374AE8FF4}.Release|Any CPU.ActiveCfg = Release|Any CPU
		{82B03BB4-9E2D-26BD-E556-374374AE8FF4}.Release|Any CPU.Build.0 = Release|Any CPU
		{C9171204-E70A-3C1F-C503-1A046992D116}.Debug|Any CPU.ActiveCfg = Debug|Any CPU
		{C9171204-E70A-3C1F-C503-1A046992D116}.Debug|Any CPU.Build.0 = Debug|Any CPU
		{C9171204-E70A-3C1F-C503-1A046992D116}.Release|Any CPU.ActiveCfg = Release|Any CPU
		{C9171204-E70A-3C1F-C503-1A046992D116}.Release|Any CPU.Build.0 = Release|Any CPU
		{6094AFE2-9EA9-7D4D-B657-82F37CE632A1}.Debug|Any CPU.ActiveCfg = Debug|Any CPU
		{6094AFE2-9EA9-7D4D-B657-82F37CE632A1}.Debug|Any CPU.Build.0 = Debug|Any CPU
		{6094AFE2-9EA9-7D4D-B657-82F37CE632A1}.Release|Any CPU.ActiveCfg = Release|Any CPU
		{6094AFE2-9EA9-7D4D-B657-82F37CE632A1}.Release|Any CPU.Build.0 = Release|Any CPU
		{88F313C5-26BE-3090-8DF1-700DD071F4FD}.Debug|Any CPU.ActiveCfg = Debug|Any CPU
		{88F313C5-26BE-3090-8DF1-700DD071F4FD}.Debug|Any CPU.Build.0 = Debug|Any CPU
		{88F313C5-26BE-3090-8DF1-700DD071F4FD}.Release|Any CPU.ActiveCfg = Release|Any CPU
		{88F313C5-26BE-3090-8DF1-700DD071F4FD}.Release|Any CPU.Build.0 = Release|Any CPU
		{9EFD6684-2774-6599-E2FE-BA026D28D655}.Debug|Any CPU.ActiveCfg = Debug|Any CPU
		{9EFD6684-2774-6599-E2FE-BA026D28D655}.Debug|Any CPU.Build.0 = Debug|Any CPU
		{9EFD6684-2774-6599-E2FE-BA026D28D655}.Release|Any CPU.ActiveCfg = Release|Any CPU
		{9EFD6684-2774-6599-E2FE-BA026D28D655}.Release|Any CPU.Build.0 = Release|Any CPU
		{448258B7-29FB-0A4A-C38E-6184F2CD4054}.Debug|Any CPU.ActiveCfg = Debug|Any CPU
		{448258B7-29FB-0A4A-C38E-6184F2CD4054}.Debug|Any CPU.Build.0 = Debug|Any CPU
		{448258B7-29FB-0A4A-C38E-6184F2CD4054}.Release|Any CPU.ActiveCfg = Release|Any CPU
		{448258B7-29FB-0A4A-C38E-6184F2CD4054}.Release|Any CPU.Build.0 = Release|Any CPU
		{825D05B1-4E96-9112-BA93-7579A1588973}.Debug|Any CPU.ActiveCfg = Debug|Any CPU
		{825D05B1-4E96-9112-BA93-7579A1588973}.Debug|Any CPU.Build.0 = Debug|Any CPU
		{825D05B1-4E96-9112-BA93-7579A1588973}.Release|Any CPU.ActiveCfg = Release|Any CPU
		{825D05B1-4E96-9112-BA93-7579A1588973}.Release|Any CPU.Build.0 = Release|Any CPU
		{1914E35A-B405-EBD0-589C-B40A44D1AE9C}.Debug|Any CPU.ActiveCfg = Debug|Any CPU
		{1914E35A-B405-EBD0-589C-B40A44D1AE9C}.Debug|Any CPU.Build.0 = Debug|Any CPU
		{1914E35A-B405-EBD0-589C-B40A44D1AE9C}.Release|Any CPU.ActiveCfg = Release|Any CPU
		{1914E35A-B405-EBD0-589C-B40A44D1AE9C}.Release|Any CPU.Build.0 = Release|Any CPU
		{F063A312-69C0-D753-2BA2-1EEB4B4826C6}.Debug|Any CPU.ActiveCfg = Debug|Any CPU
		{F063A312-69C0-D753-2BA2-1EEB4B4826C6}.Debug|Any CPU.Build.0 = Debug|Any CPU
		{F063A312-69C0-D753-2BA2-1EEB4B4826C6}.Release|Any CPU.ActiveCfg = Release|Any CPU
		{F063A312-69C0-D753-2BA2-1EEB4B4826C6}.Release|Any CPU.Build.0 = Release|Any CPU
		{E1EF2045-19F5-4D1D-A571-92ABCF6E2F84}.Debug|Any CPU.ActiveCfg = Debug|Any CPU
		{E1EF2045-19F5-4D1D-A571-92ABCF6E2F84}.Debug|Any CPU.Build.0 = Debug|Any CPU
		{E1EF2045-19F5-4D1D-A571-92ABCF6E2F84}.Release|Any CPU.ActiveCfg = Release|Any CPU
		{E1EF2045-19F5-4D1D-A571-92ABCF6E2F84}.Release|Any CPU.Build.0 = Release|Any CPU
		{40047E39-E86C-B821-97DF-641A19311C3F}.Debug|Any CPU.ActiveCfg = Debug|Any CPU
		{40047E39-E86C-B821-97DF-641A19311C3F}.Debug|Any CPU.Build.0 = Debug|Any CPU
		{40047E39-E86C-B821-97DF-641A19311C3F}.Release|Any CPU.ActiveCfg = Release|Any CPU
		{40047E39-E86C-B821-97DF-641A19311C3F}.Release|Any CPU.Build.0 = Release|Any CPU
		{82C6A96D-23AC-314F-3CAF-0571294E869E}.Debug|Any CPU.ActiveCfg = Debug|Any CPU
		{82C6A96D-23AC-314F-3CAF-0571294E869E}.Debug|Any CPU.Build.0 = Debug|Any CPU
		{82C6A96D-23AC-314F-3CAF-0571294E869E}.Release|Any CPU.ActiveCfg = Release|Any CPU
		{82C6A96D-23AC-314F-3CAF-0571294E869E}.Release|Any CPU.Build.0 = Release|Any CPU
		{03A2E7FA-73CB-569B-27B5-FA3C114C0D3F}.Debug|Any CPU.ActiveCfg = Debug|Any CPU
		{03A2E7FA-73CB-569B-27B5-FA3C114C0D3F}.Debug|Any CPU.Build.0 = Debug|Any CPU
		{03A2E7FA-73CB-569B-27B5-FA3C114C0D3F}.Release|Any CPU.ActiveCfg = Release|Any CPU
		{03A2E7FA-73CB-569B-27B5-FA3C114C0D3F}.Release|Any CPU.Build.0 = Release|Any CPU
		{BAA84BF6-8D06-99AC-36FF-1F39EB9F2B30}.Debug|Any CPU.ActiveCfg = Debug|Any CPU
		{BAA84BF6-8D06-99AC-36FF-1F39EB9F2B30}.Debug|Any CPU.Build.0 = Debug|Any CPU
		{BAA84BF6-8D06-99AC-36FF-1F39EB9F2B30}.Release|Any CPU.ActiveCfg = Release|Any CPU
		{BAA84BF6-8D06-99AC-36FF-1F39EB9F2B30}.Release|Any CPU.Build.0 = Release|Any CPU
		{DBB8F3AA-F5EF-E808-4DF2-10AFD7DF60CE}.Debug|Any CPU.ActiveCfg = Debug|Any CPU
		{DBB8F3AA-F5EF-E808-4DF2-10AFD7DF60CE}.Debug|Any CPU.Build.0 = Debug|Any CPU
		{DBB8F3AA-F5EF-E808-4DF2-10AFD7DF60CE}.Release|Any CPU.ActiveCfg = Release|Any CPU
		{DBB8F3AA-F5EF-E808-4DF2-10AFD7DF60CE}.Release|Any CPU.Build.0 = Release|Any CPU
		{2E3FD523-F65C-4D9A-5566-14221911BBEF}.Debug|Any CPU.ActiveCfg = Debug|Any CPU
		{2E3FD523-F65C-4D9A-5566-14221911BBEF}.Debug|Any CPU.Build.0 = Debug|Any CPU
		{2E3FD523-F65C-4D9A-5566-14221911BBEF}.Release|Any CPU.ActiveCfg = Release|Any CPU
		{2E3FD523-F65C-4D9A-5566-14221911BBEF}.Release|Any CPU.Build.0 = Release|Any CPU
		{1960EF17-80D5-A1FA-6EE1-CA254D5B3BE0}.Debug|Any CPU.ActiveCfg = Debug|Any CPU
		{1960EF17-80D5-A1FA-6EE1-CA254D5B3BE0}.Debug|Any CPU.Build.0 = Debug|Any CPU
		{1960EF17-80D5-A1FA-6EE1-CA254D5B3BE0}.Release|Any CPU.ActiveCfg = Release|Any CPU
		{1960EF17-80D5-A1FA-6EE1-CA254D5B3BE0}.Release|Any CPU.Build.0 = Release|Any CPU
		{81903A93-0A8B-C4D5-9516-D1433A72E347}.Debug|Any CPU.ActiveCfg = Debug|Any CPU
		{81903A93-0A8B-C4D5-9516-D1433A72E347}.Debug|Any CPU.Build.0 = Debug|Any CPU
		{81903A93-0A8B-C4D5-9516-D1433A72E347}.Release|Any CPU.ActiveCfg = Release|Any CPU
		{81903A93-0A8B-C4D5-9516-D1433A72E347}.Release|Any CPU.Build.0 = Release|Any CPU
		{E6DD896E-BD98-625D-98E6-EBE191FC7844}.Debug|Any CPU.ActiveCfg = Debug|Any CPU
		{E6DD896E-BD98-625D-98E6-EBE191FC7844}.Debug|Any CPU.Build.0 = Debug|Any CPU
		{E6DD896E-BD98-625D-98E6-EBE191FC7844}.Release|Any CPU.ActiveCfg = Release|Any CPU
		{E6DD896E-BD98-625D-98E6-EBE191FC7844}.Release|Any CPU.Build.0 = Release|Any CPU
		{B5832ED8-C87A-C4E5-B775-1CB3CB33A07D}.Debug|Any CPU.ActiveCfg = Debug|Any CPU
		{B5832ED8-C87A-C4E5-B775-1CB3CB33A07D}.Debug|Any CPU.Build.0 = Debug|Any CPU
		{B5832ED8-C87A-C4E5-B775-1CB3CB33A07D}.Release|Any CPU.ActiveCfg = Release|Any CPU
		{B5832ED8-C87A-C4E5-B775-1CB3CB33A07D}.Release|Any CPU.Build.0 = Release|Any CPU
		{2A4A22E8-5F42-EA95-3360-319A71B01BBF}.Debug|Any CPU.ActiveCfg = Debug|Any CPU
		{2A4A22E8-5F42-EA95-3360-319A71B01BBF}.Debug|Any CPU.Build.0 = Debug|Any CPU
		{2A4A22E8-5F42-EA95-3360-319A71B01BBF}.Release|Any CPU.ActiveCfg = Release|Any CPU
		{2A4A22E8-5F42-EA95-3360-319A71B01BBF}.Release|Any CPU.Build.0 = Release|Any CPU
		{A73B4F7F-9674-72B2-991D-612A76FBAEFF}.Debug|Any CPU.ActiveCfg = Debug|Any CPU
		{A73B4F7F-9674-72B2-991D-612A76FBAEFF}.Debug|Any CPU.Build.0 = Debug|Any CPU
		{A73B4F7F-9674-72B2-991D-612A76FBAEFF}.Release|Any CPU.ActiveCfg = Release|Any CPU
		{A73B4F7F-9674-72B2-991D-612A76FBAEFF}.Release|Any CPU.Build.0 = Release|Any CPU
		{02E69BEC-29C7-9D79-F507-4A263E5D80A4}.Debug|Any CPU.ActiveCfg = Debug|Any CPU
		{02E69BEC-29C7-9D79-F507-4A263E5D80A4}.Debug|Any CPU.Build.0 = Debug|Any CPU
		{02E69BEC-29C7-9D79-F507-4A263E5D80A4}.Release|Any CPU.ActiveCfg = Release|Any CPU
		{02E69BEC-29C7-9D79-F507-4A263E5D80A4}.Release|Any CPU.Build.0 = Release|Any CPU
		{FE14AF20-94E0-327E-AF58-13B48579DE1C}.Debug|Any CPU.ActiveCfg = Debug|Any CPU
		{FE14AF20-94E0-327E-AF58-13B48579DE1C}.Debug|Any CPU.Build.0 = Debug|Any CPU
		{FE14AF20-94E0-327E-AF58-13B48579DE1C}.Release|Any CPU.ActiveCfg = Release|Any CPU
		{FE14AF20-94E0-327E-AF58-13B48579DE1C}.Release|Any CPU.Build.0 = Release|Any CPU
		{7AB1E179-DA36-4FE7-F2F6-11133B8F7A5D}.Debug|Any CPU.ActiveCfg = Debug|Any CPU
		{7AB1E179-DA36-4FE7-F2F6-11133B8F7A5D}.Debug|Any CPU.Build.0 = Debug|Any CPU
		{7AB1E179-DA36-4FE7-F2F6-11133B8F7A5D}.Release|Any CPU.ActiveCfg = Release|Any CPU
		{7AB1E179-DA36-4FE7-F2F6-11133B8F7A5D}.Release|Any CPU.Build.0 = Release|Any CPU
		{EFD88E98-8868-33FA-B722-D6DD2A5C0434}.Debug|Any CPU.ActiveCfg = Debug|Any CPU
		{EFD88E98-8868-33FA-B722-D6DD2A5C0434}.Debug|Any CPU.Build.0 = Debug|Any CPU
		{EFD88E98-8868-33FA-B722-D6DD2A5C0434}.Release|Any CPU.ActiveCfg = Release|Any CPU
		{EFD88E98-8868-33FA-B722-D6DD2A5C0434}.Release|Any CPU.Build.0 = Release|Any CPU
		{A5A1E081-122A-E026-4B49-B2F437F16209}.Debug|Any CPU.ActiveCfg = Debug|Any CPU
		{A5A1E081-122A-E026-4B49-B2F437F16209}.Debug|Any CPU.Build.0 = Debug|Any CPU
		{A5A1E081-122A-E026-4B49-B2F437F16209}.Release|Any CPU.ActiveCfg = Release|Any CPU
		{A5A1E081-122A-E026-4B49-B2F437F16209}.Release|Any CPU.Build.0 = Release|Any CPU
		{44A3EB31-2AFF-D139-CC84-07601F23EE65}.Debug|Any CPU.ActiveCfg = Debug|Any CPU
		{44A3EB31-2AFF-D139-CC84-07601F23EE65}.Debug|Any CPU.Build.0 = Debug|Any CPU
		{44A3EB31-2AFF-D139-CC84-07601F23EE65}.Release|Any CPU.ActiveCfg = Release|Any CPU
		{44A3EB31-2AFF-D139-CC84-07601F23EE65}.Release|Any CPU.Build.0 = Release|Any CPU
	EndGlobalSection
	GlobalSection(SolutionProperties) = preSolution
		HideSolutionNode = FALSE
	EndGlobalSection
EndGlobal
